// !$*UTF8*$!
{
	archiveVersion = 1;
	classes = {
	};
	objectVersion = 46;
	objects = {

/* Begin PBXBuildFile section */
		16B559CC1B90D3C8001EDB00 /* AppDelegate.swift in Sources */ = {isa = PBXBuildFile; fileRef = 16B559CB1B90D3C8001EDB00 /* AppDelegate.swift */; };
		16B559CE1B90D3C8001EDB00 /* MasterViewController.swift in Sources */ = {isa = PBXBuildFile; fileRef = 16B559CD1B90D3C8001EDB00 /* MasterViewController.swift */; };
		16B559D01B90D3C8001EDB00 /* DetailViewController.swift in Sources */ = {isa = PBXBuildFile; fileRef = 16B559CF1B90D3C8001EDB00 /* DetailViewController.swift */; };
		16B559D31B90D3C8001EDB00 /* Main.storyboard in Resources */ = {isa = PBXBuildFile; fileRef = 16B559D11B90D3C8001EDB00 /* Main.storyboard */; };
		16B559D51B90D3C8001EDB00 /* Images.xcassets in Resources */ = {isa = PBXBuildFile; fileRef = 16B559D41B90D3C8001EDB00 /* Images.xcassets */; };
		16B559D81B90D3C8001EDB00 /* LaunchScreen.xib in Resources */ = {isa = PBXBuildFile; fileRef = 16B559D61B90D3C8001EDB00 /* LaunchScreen.xib */; };
		16B559E41B90D3C8001EDB00 /* storm_viewerTests.swift in Sources */ = {isa = PBXBuildFile; fileRef = 16B559E31B90D3C8001EDB00 /* storm_viewerTests.swift */; };
/* End PBXBuildFile section */

/* Begin PBXContainerItemProxy section */
		16B559DE1B90D3C8001EDB00 /* PBXContainerItemProxy */ = {
			isa = PBXContainerItemProxy;
			containerPortal = 16B559BE1B90D3C7001EDB00 /* Project object */;
			proxyType = 1;
			remoteGlobalIDString = 16B559C51B90D3C7001EDB00;
			remoteInfo = "storm-viewer";
		};
/* End PBXContainerItemProxy section */

/* Begin PBXFileReference section */
		16B559C61B90D3C8001EDB00 /* storm-viewer.app */ = {isa = PBXFileReference; explicitFileType = wrapper.application; includeInIndex = 0; path = "storm-viewer.app"; sourceTree = BUILT_PRODUCTS_DIR; };
		16B559CA1B90D3C8001EDB00 /* Info.plist */ = {isa = PBXFileReference; lastKnownFileType = text.plist.xml; path = Info.plist; sourceTree = "<group>"; };
		16B559CB1B90D3C8001EDB00 /* AppDelegate.swift */ = {isa = PBXFileReference; lastKnownFileType = sourcecode.swift; path = AppDelegate.swift; sourceTree = "<group>"; };
		16B559CD1B90D3C8001EDB00 /* MasterViewController.swift */ = {isa = PBXFileReference; lastKnownFileType = sourcecode.swift; path = MasterViewController.swift; sourceTree = "<group>"; };
		16B559CF1B90D3C8001EDB00 /* DetailViewController.swift */ = {isa = PBXFileReference; lastKnownFileType = sourcecode.swift; path = DetailViewController.swift; sourceTree = "<group>"; };
		16B559D21B90D3C8001EDB00 /* Base */ = {isa = PBXFileReference; lastKnownFileType = file.storyboard; name = Base; path = Base.lproj/Main.storyboard; sourceTree = "<group>"; };
		16B559D41B90D3C8001EDB00 /* Images.xcassets */ = {isa = PBXFileReference; lastKnownFileType = folder.assetcatalog; path = Images.xcassets; sourceTree = "<group>"; };
		16B559D71B90D3C8001EDB00 /* Base */ = {isa = PBXFileReference; lastKnownFileType = file.xib; name = Base; path = Base.lproj/LaunchScreen.xib; sourceTree = "<group>"; };
		16B559DD1B90D3C8001EDB00 /* storm-viewerTests.xctest */ = {isa = PBXFileReference; explicitFileType = wrapper.cfbundle; includeInIndex = 0; path = "storm-viewerTests.xctest"; sourceTree = BUILT_PRODUCTS_DIR; };
		16B559E21B90D3C8001EDB00 /* Info.plist */ = {isa = PBXFileReference; lastKnownFileType = text.plist.xml; path = Info.plist; sourceTree = "<group>"; };
		16B559E31B90D3C8001EDB00 /* storm_viewerTests.swift */ = {isa = PBXFileReference; lastKnownFileType = sourcecode.swift; path = storm_viewerTests.swift; sourceTree = "<group>"; };
/* End PBXFileReference section */

/* Begin PBXFrameworksBuildPhase section */
		16B559C31B90D3C7001EDB00 /* Frameworks */ = {
			isa = PBXFrameworksBuildPhase;
			buildActionMask = 2147483647;
			files = (
			);
			runOnlyForDeploymentPostprocessing = 0;
		};
		16B559DA1B90D3C8001EDB00 /* Frameworks */ = {
			isa = PBXFrameworksBuildPhase;
			buildActionMask = 2147483647;
			files = (
			);
			runOnlyForDeploymentPostprocessing = 0;
		};
/* End PBXFrameworksBuildPhase section */

/* Begin PBXGroup section */
		16B559BD1B90D3C7001EDB00 = {
			isa = PBXGroup;
			children = (
				16B559C81B90D3C8001EDB00 /* storm-viewer */,
				16B559E01B90D3C8001EDB00 /* storm-viewerTests */,
				16B559C71B90D3C8001EDB00 /* Products */,
			);
			sourceTree = "<group>";
		};
		16B559C71B90D3C8001EDB00 /* Products */ = {
			isa = PBXGroup;
			children = (
				16B559C61B90D3C8001EDB00 /* storm-viewer.app */,
				16B559DD1B90D3C8001EDB00 /* storm-viewerTests.xctest */,
			);
			name = Products;
			sourceTree = "<group>";
		};
		16B559C81B90D3C8001EDB00 /* storm-viewer */ = {
			isa = PBXGroup;
			children = (
				16B559CB1B90D3C8001EDB00 /* AppDelegate.swift */,
				16B559CD1B90D3C8001EDB00 /* MasterViewController.swift */,
				16B559CF1B90D3C8001EDB00 /* DetailViewController.swift */,
				16B559D11B90D3C8001EDB00 /* Main.storyboard */,
				16B559D41B90D3C8001EDB00 /* Images.xcassets */,
				16B559D61B90D3C8001EDB00 /* LaunchScreen.xib */,
				16B559C91B90D3C8001EDB00 /* Supporting Files */,
			);
			path = "storm-viewer";
			sourceTree = "<group>";
		};
		16B559C91B90D3C8001EDB00 /* Supporting Files */ = {
			isa = PBXGroup;
			children = (
				16B559CA1B90D3C8001EDB00 /* Info.plist */,
			);
			name = "Supporting Files";
			sourceTree = "<group>";
		};
		16B559E01B90D3C8001EDB00 /* storm-viewerTests */ = {
			isa = PBXGroup;
			children = (
				16B559E31B90D3C8001EDB00 /* storm_viewerTests.swift */,
				16B559E11B90D3C8001EDB00 /* Supporting Files */,
			);
			path = "storm-viewerTests";
			sourceTree = "<group>";
		};
		16B559E11B90D3C8001EDB00 /* Supporting Files */ = {
			isa = PBXGroup;
			children = (
				16B559E21B90D3C8001EDB00 /* Info.plist */,
			);
			name = "Supporting Files";
			sourceTree = "<group>";
		};
/* End PBXGroup section */

/* Begin PBXNativeTarget section */
		16B559C51B90D3C7001EDB00 /* storm-viewer */ = {
			isa = PBXNativeTarget;
			buildConfigurationList = 16B559E71B90D3C8001EDB00 /* Build configuration list for PBXNativeTarget "storm-viewer" */;
			buildPhases = (
				16B559C21B90D3C7001EDB00 /* Sources */,
				16B559C31B90D3C7001EDB00 /* Frameworks */,
				16B559C41B90D3C7001EDB00 /* Resources */,
			);
			buildRules = (
			);
			dependencies = (
			);
			name = "storm-viewer";
			productName = "storm-viewer";
			productReference = 16B559C61B90D3C8001EDB00 /* storm-viewer.app */;
			productType = "com.apple.product-type.application";
		};
		16B559DC1B90D3C8001EDB00 /* storm-viewerTests */ = {
			isa = PBXNativeTarget;
			buildConfigurationList = 16B559EA1B90D3C8001EDB00 /* Build configuration list for PBXNativeTarget "storm-viewerTests" */;
			buildPhases = (
				16B559D91B90D3C8001EDB00 /* Sources */,
				16B559DA1B90D3C8001EDB00 /* Frameworks */,
				16B559DB1B90D3C8001EDB00 /* Resources */,
			);
			buildRules = (
			);
			dependencies = (
				16B559DF1B90D3C8001EDB00 /* PBXTargetDependency */,
			);
			name = "storm-viewerTests";
			productName = "storm-viewerTests";
			productReference = 16B559DD1B90D3C8001EDB00 /* storm-viewerTests.xctest */;
			productType = "com.apple.product-type.bundle.unit-test";
		};
/* End PBXNativeTarget section */

/* Begin PBXProject section */
		16B559BE1B90D3C7001EDB00 /* Project object */ = {
			isa = PBXProject;
			attributes = {
				LastUpgradeCheck = 0640;
				ORGANIZATIONNAME = "Renan Kosicki";
				TargetAttributes = {
					16B559C51B90D3C7001EDB00 = {
						CreatedOnToolsVersion = 6.4;
					};
					16B559DC1B90D3C8001EDB00 = {
						CreatedOnToolsVersion = 6.4;
						TestTargetID = 16B559C51B90D3C7001EDB00;
					};
				};
			};
			buildConfigurationList = 16B559C11B90D3C7001EDB00 /* Build configuration list for PBXProject "storm-viewer" */;
			compatibilityVersion = "Xcode 3.2";
			developmentRegion = English;
			hasScannedForEncodings = 0;
			knownRegions = (
				en,
				Base,
			);
			mainGroup = 16B559BD1B90D3C7001EDB00;
			productRefGroup = 16B559C71B90D3C8001EDB00 /* Products */;
			projectDirPath = "";
			projectRoot = "";
			targets = (
				16B559C51B90D3C7001EDB00 /* storm-viewer */,
				16B559DC1B90D3C8001EDB00 /* storm-viewerTests */,
			);
		};
/* End PBXProject section */

/* Begin PBXResourcesBuildPhase section */
		16B559C41B90D3C7001EDB00 /* Resources */ = {
			isa = PBXResourcesBuildPhase;
			buildActionMask = 2147483647;
			files = (
				16B559D31B90D3C8001EDB00 /* Main.storyboard in Resources */,
				16B559D81B90D3C8001EDB00 /* LaunchScreen.xib in Resources */,
				16B559D51B90D3C8001EDB00 /* Images.xcassets in Resources */,
			);
			runOnlyForDeploymentPostprocessing = 0;
		};
		16B559DB1B90D3C8001EDB00 /* Resources */ = {
			isa = PBXResourcesBuildPhase;
			buildActionMask = 2147483647;
			files = (
			);
			runOnlyForDeploymentPostprocessing = 0;
		};
/* End PBXResourcesBuildPhase section */

/* Begin PBXSourcesBuildPhase section */
		16B559C21B90D3C7001EDB00 /* Sources */ = {
			isa = PBXSourcesBuildPhase;
			buildActionMask = 2147483647;
			files = (
				16B559D01B90D3C8001EDB00 /* DetailViewController.swift in Sources */,
				16B559CE1B90D3C8001EDB00 /* MasterViewController.swift in Sources */,
				16B559CC1B90D3C8001EDB00 /* AppDelegate.swift in Sources */,
			);
			runOnlyForDeploymentPostprocessing = 0;
		};
		16B559D91B90D3C8001EDB00 /* Sources */ = {
			isa = PBXSourcesBuildPhase;
			buildActionMask = 2147483647;
			files = (
				16B559E41B90D3C8001EDB00 /* storm_viewerTests.swift in Sources */,
			);
			runOnlyForDeploymentPostprocessing = 0;
		};
/* End PBXSourcesBuildPhase section */

/* Begin PBXTargetDependency section */
		16B559DF1B90D3C8001EDB00 /* PBXTargetDependency */ = {
			isa = PBXTargetDependency;
			target = 16B559C51B90D3C7001EDB00 /* storm-viewer */;
			targetProxy = 16B559DE1B90D3C8001EDB00 /* PBXContainerItemProxy */;
		};
/* End PBXTargetDependency section */

/* Begin PBXVariantGroup section */
		16B559D11B90D3C8001EDB00 /* Main.storyboard */ = {
			isa = PBXVariantGroup;
			children = (
				16B559D21B90D3C8001EDB00 /* Base */,
			);
			name = Main.storyboard;
			sourceTree = "<group>";
		};
		16B559D61B90D3C8001EDB00 /* LaunchScreen.xib */ = {
			isa = PBXVariantGroup;
			children = (
				16B559D71B90D3C8001EDB00 /* Base */,
			);
			name = LaunchScreen.xib;
			sourceTree = "<group>";
		};
/* End PBXVariantGroup section */

/* Begin XCBuildConfiguration section */
		16B559E51B90D3C8001EDB00 /* Debug */ = {
			isa = XCBuildConfiguration;
			buildSettings = {
				ALWAYS_SEARCH_USER_PATHS = NO;
				CLANG_CXX_LANGUAGE_STANDARD = "gnu++0x";
				CLANG_CXX_LIBRARY = "libc++";
				CLANG_ENABLE_MODULES = YES;
				CLANG_ENABLE_OBJC_ARC = YES;
				CLANG_WARN_BOOL_CONVERSION = YES;
				CLANG_WARN_CONSTANT_CONVERSION = YES;
				CLANG_WARN_DIRECT_OBJC_ISA_USAGE = YES_ERROR;
				CLANG_WARN_EMPTY_BODY = YES;
				CLANG_WARN_ENUM_CONVERSION = YES;
				CLANG_WARN_INT_CONVERSION = YES;
				CLANG_WARN_OBJC_ROOT_CLASS = YES_ERROR;
				CLANG_WARN_UNREACHABLE_CODE = YES;
				CLANG_WARN__DUPLICATE_METHOD_MATCH = YES;
				"CODE_SIGN_IDENTITY[sdk=iphoneos*]" = "iPhone Developer";
				COPY_PHASE_STRIP = NO;
				DEBUG_INFORMATION_FORMAT = "dwarf-with-dsym";
				ENABLE_STRICT_OBJC_MSGSEND = YES;
				GCC_C_LANGUAGE_STANDARD = gnu99;
				GCC_DYNAMIC_NO_PIC = NO;
				GCC_NO_COMMON_BLOCKS = YES;
				GCC_OPTIMIZATION_LEVEL = 0;
				GCC_PREPROCESSOR_DEFINITIONS = (
					"DEBUG=1",
					"$(inherited)",
				);
				GCC_SYMBOLS_PRIVATE_EXTERN = NO;
				GCC_WARN_64_TO_32_BIT_CONVERSION = YES;
				GCC_WARN_ABOUT_RETURN_TYPE = YES_ERROR;
				GCC_WARN_UNDECLARED_SELECTOR = YES;
				GCC_WARN_UNINITIALIZED_AUTOS = YES_AGGRESSIVE;
				GCC_WARN_UNUSED_FUNCTION = YES;
				GCC_WARN_UNUSED_VARIABLE = YES;
				IPHONEOS_DEPLOYMENT_TARGET = 8.4;
				MTL_ENABLE_DEBUG_INFO = YES;
				ONLY_ACTIVE_ARCH = YES;
				SDKROOT = iphoneos;
				SWIFT_OPTIMIZATION_LEVEL = "-Onone";
			};
			name = Debug;
		};
		16B559E61B90D3C8001EDB00 /* Release */ = {
			isa = XCBuildConfiguration;
			buildSettings = {
				ALWAYS_SEARCH_USER_PATHS = NO;
				CLANG_CXX_LANGUAGE_STANDARD = "gnu++0x";
				CLANG_CXX_LIBRARY = "libc++";
				CLANG_ENABLE_MODULES = YES;
				CLANG_ENABLE_OBJC_ARC = YES;
				CLANG_WARN_BOOL_CONVERSION = YES;
				CLANG_WARN_CONSTANT_CONVERSION = YES;
				CLANG_WARN_DIRECT_OBJC_ISA_USAGE = YES_ERROR;
				CLANG_WARN_EMPTY_BODY = YES;
				CLANG_WARN_ENUM_CONVERSION = YES;
				CLANG_WARN_INT_CONVERSION = YES;
				CLANG_WARN_OBJC_ROOT_CLASS = YES_ERROR;
				CLANG_WARN_UNREACHABLE_CODE = YES;
				CLANG_WARN__DUPLICATE_METHOD_MATCH = YES;
				"CODE_SIGN_IDENTITY[sdk=iphoneos*]" = "iPhone Developer";
				COPY_PHASE_STRIP = NO;
				DEBUG_INFORMATION_FORMAT = "dwarf-with-dsym";
				ENABLE_NS_ASSERTIONS = NO;
				ENABLE_STRICT_OBJC_MSGSEND = YES;
				GCC_C_LANGUAGE_STANDARD = gnu99;
				GCC_NO_COMMON_BLOCKS = YES;
				GCC_WARN_64_TO_32_BIT_CONVERSION = YES;
				GCC_WARN_ABOUT_RETURN_TYPE = YES_ERROR;
				GCC_WARN_UNDECLARED_SELECTOR = YES;
				GCC_WARN_UNINITIALIZED_AUTOS = YES_AGGRESSIVE;
				GCC_WARN_UNUSED_FUNCTION = YES;
				GCC_WARN_UNUSED_VARIABLE = YES;
				IPHONEOS_DEPLOYMENT_TARGET = 8.4;
				MTL_ENABLE_DEBUG_INFO = NO;
				SDKROOT = iphoneos;
				VALIDATE_PRODUCT = YES;
			};
			name = Release;
		};
		16B559E81B90D3C8001EDB00 /* Debug */ = {
			isa = XCBuildConfiguration;
			buildSettings = {
				ASSETCATALOG_COMPILER_APPICON_NAME = AppIcon;
				INFOPLIST_FILE = "storm-viewer/Info.plist";
				LD_RUNPATH_SEARCH_PATHS = "$(inherited) @executable_path/Frameworks";
				PRODUCT_NAME = "$(TARGET_NAME)";
			};
			name = Debug;
		};
		16B559E91B90D3C8001EDB00 /* Release */ = {
			isa = XCBuildConfiguration;
			buildSettings = {
				ASSETCATALOG_COMPILER_APPICON_NAME = AppIcon;
				INFOPLIST_FILE = "storm-viewer/Info.plist";
				LD_RUNPATH_SEARCH_PATHS = "$(inherited) @executable_path/Frameworks";
				PRODUCT_NAME = "$(TARGET_NAME)";
			};
			name = Release;
		};
		16B559EB1B90D3C8001EDB00 /* Debug */ = {
			isa = XCBuildConfiguration;
			buildSettings = {
				BUNDLE_LOADER = "$(TEST_HOST)";
				FRAMEWORK_SEARCH_PATHS = (
					"$(SDKROOT)/Developer/Library/Frameworks",
					"$(inherited)",
				);
				GCC_PREPROCESSOR_DEFINITIONS = (
					"DEBUG=1",
					"$(inherited)",
				);
				INFOPLIST_FILE = "storm-viewerTests/Info.plist";
				LD_RUNPATH_SEARCH_PATHS = "$(inherited) @executable_path/Frameworks @loader_path/Frameworks";
				PRODUCT_NAME = "$(TARGET_NAME)";
				TEST_HOST = "$(BUILT_PRODUCTS_DIR)/storm-viewer.app/storm-viewer";
			};
			name = Debug;
		};
		16B559EC1B90D3C8001EDB00 /* Release */ = {
			isa = XCBuildConfiguration;
			buildSettings = {
				BUNDLE_LOADER = "$(TEST_HOST)";
				FRAMEWORK_SEARCH_PATHS = (
					"$(SDKROOT)/Developer/Library/Frameworks",
					"$(inherited)",
				);
				INFOPLIST_FILE = "storm-viewerTests/Info.plist";
				LD_RUNPATH_SEARCH_PATHS = "$(inherited) @executable_path/Frameworks @loader_path/Frameworks";
				PRODUCT_NAME = "$(TARGET_NAME)";
				TEST_HOST = "$(BUILT_PRODUCTS_DIR)/storm-viewer.app/storm-viewer";
			};
			name = Release;
		};
/* End XCBuildConfiguration section */

/* Begin XCConfigurationList section */
		16B559C11B90D3C7001EDB00 /* Build configuration list for PBXProject "storm-viewer" */ = {
			isa = XCConfigurationList;
			buildConfigurations = (
				16B559E51B90D3C8001EDB00 /* Debug */,
				16B559E61B90D3C8001EDB00 /* Release */,
			);
			defaultConfigurationIsVisible = 0;
			defaultConfigurationName = Release;
		};
		16B559E71B90D3C8001EDB00 /* Build configuration list for PBXNativeTarget "storm-viewer" */ = {
			isa = XCConfigurationList;
			buildConfigurations = (
				16B559E81B90D3C8001EDB00 /* Debug */,
				16B559E91B90D3C8001EDB00 /* Release */,
			);
			defaultConfigurationIsVisible = 0;
		};
		16B559EA1B90D3C8001EDB00 /* Build configuration list for PBXNativeTarget "storm-viewerTests" */ = {
			isa = XCConfigurationList;
			buildConfigurations = (
				16B559EB1B90D3C8001EDB00 /* Debug */,
				16B559EC1B90D3C8001EDB00 /* Release */,
			);
			defaultConfigurationIsVisible = 0;
		};
/* End XCConfigurationList section */
	};
	rootObject = 16B559BE1B90D3C7001EDB00 /* Project object */;
}
